
Microsoft Visual Studio Solution File, Format Version 12.00
# Visual Studio 2013
VisualStudioVersion = 12.0.21005.1
MinimumVisualStudioVersion = 10.0.40219.1
Project("{FAE04EC0-301F-11D3-BF4B-00C04F79EFBC}") = "PInvokeGenerator", "PInvokeGenerator\PInvokeGenerator.csproj", "{341DE126-9C6C-49D4-90F5-98CBF47DBADF}"
EndProject
Project("{2150E333-8FDC-42A3-9474-1A3956D46DE8}") = "Common", "Common", "{46499D7B-A153-465F-91FB-3FAF030F0E76}"
EndProject
Project("{FAE04EC0-301F-11D3-BF4B-00C04F79EFBC}") = "CodeFormatter", "..\Common\CodeFormatter\CodeFormatter.csproj", "{8FD5A65C-F5A4-46ED-B4A9-3BD2314D15D6}"
EndProject
Global
	GlobalSection(SolutionConfigurationPlatforms) = preSolution
		Debug|Any CPU = Debug|Any CPU
		Release|Any CPU = Release|Any CPU
	EndGlobalSection
	GlobalSection(ProjectConfigurationPlatforms) = postSolution
		{341DE126-9C6C-49D4-90F5-98CBF47DBADF}.Debug|Any CPU.ActiveCfg = Debug|Any CPU
		{341DE126-9C6C-49D4-90F5-98CBF47DBADF}.Debug|Any CPU.Build.0 = Debug|Any CPU
		{341DE126-9C6C-49D4-90F5-98CBF47DBADF}.Release|Any CPU.ActiveCfg = Release|Any CPU
		{341DE126-9C6C-49D4-90F5-98CBF47DBADF}.Release|Any CPU.Build.0 = Release|Any CPU
		{8FD5A65C-F5A4-46ED-B4A9-3BD2314D15D6}.Debug|Any CPU.ActiveCfg = Debug|Any CPU
		{8FD5A65C-F5A4-46ED-B4A9-3BD2314D15D6}.Debug|Any CPU.Build.0 = Debug|Any CPU
		{8FD5A65C-F5A4-46ED-B4A9-3BD2314D15D6}.Release|Any CPU.ActiveCfg = Release|Any CPU
		{8FD5A65C-F5A4-46ED-B4A9-3BD2314D15D6}.Release|Any CPU.Build.0 = Release|Any CPU
	EndGlobalSection
	GlobalSection(SolutionProperties) = preSolution
		HideSolutionNode = FALSE
	EndGlobalSection
	GlobalSection(NestedProjects) = preSolution
		{8FD5A65C-F5A4-46ED-B4A9-3BD2314D15D6} = {46499D7B-A153-465F-91FB-3FAF030F0E76}
	EndGlobalSection
EndGlobal
