
Microsoft Visual Studio Solution File, Format Version 12.00
# Visual Studio 2013
VisualStudioVersion = 12.0.31101.0
MinimumVisualStudioVersion = 10.0.40219.1
Project("{FAE04EC0-301F-11D3-BF4B-00C04F79EFBC}") = "PInvokeGenerator", "PInvokeGenerator\PInvokeGenerator.csproj", "{341DE126-9C6C-49D4-90F5-98CBF47DBADF}"
EndProject
Project("{2150E333-8FDC-42A3-9474-1A3956D46DE8}") = "Common", "Common", "{46499D7B-A153-465F-91FB-3FAF030F0E76}"
EndProject
Project("{FAE04EC0-301F-11D3-BF4B-00C04F79EFBC}") = "CodeFormatter", "..\Common\CodeFormatter\CodeFormatter.csproj", "{8FD5A65C-F5A4-46ED-B4A9-3BD2314D15D6}"
EndProject
Project("{2150E333-8FDC-42A3-9474-1A3956D46DE8}") = "Tests", "Tests", "{96590B57-B38F-4D8C-9DA1-BA16E912DC23}"
EndProject
Project("{8BC9CEB8-8B4A-11D0-8D11-00A0C91BC942}") = "TestDll", "TestDll\TestDll.vcxproj", "{3E1A5F1D-9F9B-4A3F-9447-0F2D18BF8446}"
EndProject
Project("{FAE04EC0-301F-11D3-BF4B-00C04F79EFBC}") = "GrammarCpp", "GrammarCpp\GrammarCpp.csproj", "{892B30F7-E7E4-4E82-826C-4112AA42132F}"
EndProject
Project("{FAE04EC0-301F-11D3-BF4B-00C04F79EFBC}") = "PInvokeTool", "PInvokeTool\PInvokeTool.csproj", "{43704408-5657-422A-A42C-923CD79F885C}"
EndProject
Global
	GlobalSection(SolutionConfigurationPlatforms) = preSolution
		Debug|Any CPU = Debug|Any CPU
		Debug|Mixed Platforms = Debug|Mixed Platforms
		Debug|Win32 = Debug|Win32
		Debug|x64 = Debug|x64
		Release|Any CPU = Release|Any CPU
		Release|Mixed Platforms = Release|Mixed Platforms
		Release|Win32 = Release|Win32
		Release|x64 = Release|x64
	EndGlobalSection
	GlobalSection(ProjectConfigurationPlatforms) = postSolution
		{341DE126-9C6C-49D4-90F5-98CBF47DBADF}.Debug|Any CPU.ActiveCfg = Debug|Any CPU
		{341DE126-9C6C-49D4-90F5-98CBF47DBADF}.Debug|Any CPU.Build.0 = Debug|Any CPU
		{341DE126-9C6C-49D4-90F5-98CBF47DBADF}.Debug|Mixed Platforms.ActiveCfg = Debug|Any CPU
		{341DE126-9C6C-49D4-90F5-98CBF47DBADF}.Debug|Mixed Platforms.Build.0 = Debug|Any CPU
		{341DE126-9C6C-49D4-90F5-98CBF47DBADF}.Debug|Win32.ActiveCfg = Debug|Any CPU
		{341DE126-9C6C-49D4-90F5-98CBF47DBADF}.Debug|x64.ActiveCfg = Debug|Any CPU
		{341DE126-9C6C-49D4-90F5-98CBF47DBADF}.Debug|x64.Build.0 = Debug|Any CPU
		{341DE126-9C6C-49D4-90F5-98CBF47DBADF}.Release|Any CPU.ActiveCfg = Release|Any CPU
		{341DE126-9C6C-49D4-90F5-98CBF47DBADF}.Release|Any CPU.Build.0 = Release|Any CPU
		{341DE126-9C6C-49D4-90F5-98CBF47DBADF}.Release|Mixed Platforms.ActiveCfg = Release|Any CPU
		{341DE126-9C6C-49D4-90F5-98CBF47DBADF}.Release|Mixed Platforms.Build.0 = Release|Any CPU
		{341DE126-9C6C-49D4-90F5-98CBF47DBADF}.Release|Win32.ActiveCfg = Release|Any CPU
		{341DE126-9C6C-49D4-90F5-98CBF47DBADF}.Release|x64.ActiveCfg = Release|Any CPU
		{8FD5A65C-F5A4-46ED-B4A9-3BD2314D15D6}.Debug|Any CPU.ActiveCfg = Debug|Any CPU
		{8FD5A65C-F5A4-46ED-B4A9-3BD2314D15D6}.Debug|Any CPU.Build.0 = Debug|Any CPU
		{8FD5A65C-F5A4-46ED-B4A9-3BD2314D15D6}.Debug|Mixed Platforms.ActiveCfg = Debug|Any CPU
		{8FD5A65C-F5A4-46ED-B4A9-3BD2314D15D6}.Debug|Mixed Platforms.Build.0 = Debug|Any CPU
		{8FD5A65C-F5A4-46ED-B4A9-3BD2314D15D6}.Debug|Win32.ActiveCfg = Debug|Any CPU
		{8FD5A65C-F5A4-46ED-B4A9-3BD2314D15D6}.Debug|x64.ActiveCfg = Debug|Any CPU
		{8FD5A65C-F5A4-46ED-B4A9-3BD2314D15D6}.Debug|x64.Build.0 = Debug|Any CPU
		{8FD5A65C-F5A4-46ED-B4A9-3BD2314D15D6}.Release|Any CPU.ActiveCfg = Release|Any CPU
		{8FD5A65C-F5A4-46ED-B4A9-3BD2314D15D6}.Release|Any CPU.Build.0 = Release|Any CPU
		{8FD5A65C-F5A4-46ED-B4A9-3BD2314D15D6}.Release|Mixed Platforms.ActiveCfg = Release|Any CPU
		{8FD5A65C-F5A4-46ED-B4A9-3BD2314D15D6}.Release|Mixed Platforms.Build.0 = Release|Any CPU
		{8FD5A65C-F5A4-46ED-B4A9-3BD2314D15D6}.Release|Win32.ActiveCfg = Release|Any CPU
		{8FD5A65C-F5A4-46ED-B4A9-3BD2314D15D6}.Release|x64.ActiveCfg = Release|Any CPU
		{3E1A5F1D-9F9B-4A3F-9447-0F2D18BF8446}.Debug|Any CPU.ActiveCfg = Debug|Win32
		{3E1A5F1D-9F9B-4A3F-9447-0F2D18BF8446}.Debug|Mixed Platforms.ActiveCfg = Debug|Win32
		{3E1A5F1D-9F9B-4A3F-9447-0F2D18BF8446}.Debug|Mixed Platforms.Build.0 = Debug|Win32
		{3E1A5F1D-9F9B-4A3F-9447-0F2D18BF8446}.Debug|Win32.ActiveCfg = Debug|Win32
		{3E1A5F1D-9F9B-4A3F-9447-0F2D18BF8446}.Debug|Win32.Build.0 = Debug|Win32
		{3E1A5F1D-9F9B-4A3F-9447-0F2D18BF8446}.Debug|x64.ActiveCfg = Debug|Win32
		{3E1A5F1D-9F9B-4A3F-9447-0F2D18BF8446}.Debug|x64.Build.0 = Debug|Win32
		{3E1A5F1D-9F9B-4A3F-9447-0F2D18BF8446}.Release|Any CPU.ActiveCfg = Release|Win32
		{3E1A5F1D-9F9B-4A3F-9447-0F2D18BF8446}.Release|Mixed Platforms.ActiveCfg = Release|Win32
		{3E1A5F1D-9F9B-4A3F-9447-0F2D18BF8446}.Release|Mixed Platforms.Build.0 = Release|Win32
		{3E1A5F1D-9F9B-4A3F-9447-0F2D18BF8446}.Release|Win32.ActiveCfg = Release|Win32
		{3E1A5F1D-9F9B-4A3F-9447-0F2D18BF8446}.Release|Win32.Build.0 = Release|Win32
		{3E1A5F1D-9F9B-4A3F-9447-0F2D18BF8446}.Release|x64.ActiveCfg = Release|x64
		{3E1A5F1D-9F9B-4A3F-9447-0F2D18BF8446}.Release|x64.Build.0 = Release|x64
		{892B30F7-E7E4-4E82-826C-4112AA42132F}.Debug|Any CPU.ActiveCfg = Debug|Any CPU
		{892B30F7-E7E4-4E82-826C-4112AA42132F}.Debug|Any CPU.Build.0 = Debug|Any CPU
		{892B30F7-E7E4-4E82-826C-4112AA42132F}.Debug|Mixed Platforms.ActiveCfg = Debug|Any CPU
		{892B30F7-E7E4-4E82-826C-4112AA42132F}.Debug|Mixed Platforms.Build.0 = Debug|Any CPU
		{892B30F7-E7E4-4E82-826C-4112AA42132F}.Debug|Win32.ActiveCfg = Debug|Any CPU
		{892B30F7-E7E4-4E82-826C-4112AA42132F}.Debug|x64.ActiveCfg = Debug|Any CPU
		{892B30F7-E7E4-4E82-826C-4112AA42132F}.Release|Any CPU.ActiveCfg = Release|Any CPU
		{892B30F7-E7E4-4E82-826C-4112AA42132F}.Release|Any CPU.Build.0 = Release|Any CPU
		{892B30F7-E7E4-4E82-826C-4112AA42132F}.Release|Mixed Platforms.ActiveCfg = Release|Any CPU
		{892B30F7-E7E4-4E82-826C-4112AA42132F}.Release|Mixed Platforms.Build.0 = Release|Any CPU
		{892B30F7-E7E4-4E82-826C-4112AA42132F}.Release|Win32.ActiveCfg = Release|Any CPU
		{892B30F7-E7E4-4E82-826C-4112AA42132F}.Release|x64.ActiveCfg = Release|Any CPU
		{43704408-5657-422A-A42C-923CD79F885C}.Debug|Any CPU.ActiveCfg = Debug|Any CPU
		{43704408-5657-422A-A42C-923CD79F885C}.Debug|Any CPU.Build.0 = Debug|Any CPU
		{43704408-5657-422A-A42C-923CD79F885C}.Debug|Mixed Platforms.ActiveCfg = Debug|Any CPU
		{43704408-5657-422A-A42C-923CD79F885C}.Debug|Mixed Platforms.Build.0 = Debug|Any CPU
		{43704408-5657-422A-A42C-923CD79F885C}.Debug|Win32.ActiveCfg = Debug|Any CPU
		{43704408-5657-422A-A42C-923CD79F885C}.Debug|x64.ActiveCfg = Debug|Any CPU
		{43704408-5657-422A-A42C-923CD79F885C}.Debug|x64.Build.0 = Debug|Any CPU
		{43704408-5657-422A-A42C-923CD79F885C}.Release|Any CPU.ActiveCfg = Release|Any CPU
		{43704408-5657-422A-A42C-923CD79F885C}.Release|Any CPU.Build.0 = Release|Any CPU
		{43704408-5657-422A-A42C-923CD79F885C}.Release|Mixed Platforms.ActiveCfg = Release|Any CPU
		{43704408-5657-422A-A42C-923CD79F885C}.Release|Mixed Platforms.Build.0 = Release|Any CPU
		{43704408-5657-422A-A42C-923CD79F885C}.Release|Win32.ActiveCfg = Release|Any CPU
		{43704408-5657-422A-A42C-923CD79F885C}.Release|x64.ActiveCfg = Release|Any CPU
	EndGlobalSection
	GlobalSection(SolutionProperties) = preSolution
		HideSolutionNode = FALSE
	EndGlobalSection
	GlobalSection(NestedProjects) = preSolution
		{8FD5A65C-F5A4-46ED-B4A9-3BD2314D15D6} = {46499D7B-A153-465F-91FB-3FAF030F0E76}
		{3E1A5F1D-9F9B-4A3F-9447-0F2D18BF8446} = {96590B57-B38F-4D8C-9DA1-BA16E912DC23}
		{892B30F7-E7E4-4E82-826C-4112AA42132F} = {46499D7B-A153-465F-91FB-3FAF030F0E76}
	EndGlobalSection
EndGlobal
